{
  "lockfileVersion": 1,
  "configVersion": 1,
  "workspaces": {
    "": {
      "name": "legion",
      "devDependencies": {
        "@types/bun": "latest",
        "typescript": "^5.7.0",
      },
    },
    "packages/cli": {
      "name": "@legion/cli",
      "version": "0.0.0",
      "bin": {
        "legion": "./src/index.ts",
      },
      "dependencies": {
        "@legion/core": "workspace:*",
        "@legion/runtime": "workspace:*",
      },
    },
    "packages/core": {
      "name": "@legion/core",
      "version": "0.0.0",
    },
    "packages/runtime": {
      "name": "@legion/runtime",
      "version": "0.0.0",
      "dependencies": {
        "@legion/core": "workspace:*",
        "ulid": "^3.0.2",
        "yaml": "^2.9.0",
      },
    },
    "packages/server": {
      "name": "@legion/server",
      "version": "0.0.0",
      "dependencies": {
        "@legion/core": "workspace:*",
        "@legion/runtime": "workspace:*",
      },
    },
    "packages/web": {
      "name": "@legion/web",
      "version": "0.0.0",
    },
  },
  "packages": {
    "@legion/cli": ["@legion/cli@workspace:packages/cli"],

    "@legion/core": ["@legion/core@workspace:packages/core"],

    "@legion/runtime": ["@legion/runtime@workspace:packages/runtime"],

    "@legion/server": ["@legion/server@workspace:packages/server"],

    "@legion/web": ["@legion/web@workspace:packages/web"],

    "@types/bun": ["@types/bun@1.3.14", "", { "dependencies": { "bun-types": "1.3.14" } }, "sha512-h1hFqFVcvAvD9j9K7ZW7vd82aSA+rTdznZa+5bwvCwqSB1jmmfLcbIWhOLx1/+boy/xmjgCs/OMUL8hRJSmnPw=="],

    "@types/node": ["@types/node@25.7.0", "", { "dependencies": { "undici-types": "~7.21.0" } }, "sha512-z+pdZyxE+RTQE9AcboAZCb4otwcrvgHD+GlBpPgn0emDVt0ohrTMhAwlr2Wd9nZ+nihhYFxO2pThz3C5qSu2Eg=="],

    "bun-types": ["bun-types@1.3.14", "", { "dependencies": { "@types/node": "*" } }, "sha512-4N0ig0fEomHt5R0KCFWjovxow98rIoRwKolrYdCcknNwMekCXRnWEUvgu5soYV8QXtVsrUD8B95MBOZGPvr6KQ=="],

    "typescript": ["typescript@5.9.3", "", { "bin": { "tsc": "bin/tsc", "tsserver": "bin/tsserver" } }, "sha512-jl1vZzPDinLr9eUt3J/t7V6FgNEw9QjvBPdysz9KfQDD41fQrC2Y4vKQdiaUpFT4bXlb1RHhLpp8wtm6M5TgSw=="],

    "ulid": ["ulid@3.0.2", "", { "bin": { "ulid": "dist/cli.js" } }, "sha512-yu26mwteFYzBAot7KVMqFGCVpsF6g8wXfJzQUHvu1no3+rRRSFcSV2nKeYvNPLD2J4b08jYBDhHUjeH0ygIl9w=="],

    "undici-types": ["undici-types@7.21.0", "", {}, "sha512-w9IMgQrz4O0YN1LtB7K5P63vhlIOvC7opSmouCJ+ZywlPAlO9gIkJ+otk6LvGpAs2wg4econaCz3TvQ9xPoyuQ=="],

    "yaml": ["yaml@2.9.0", "", { "bin": { "yaml": "bin.mjs" } }, "sha512-2AvhNX3mb8zd6Zy7INTtSpl1F15HW6Wnqj0srWlkKLcpYl/gMIMJiyuGq2KeI2YFxUPjdlB+3Lc10seMLtL4cA=="],
  }
}
